
Microsoft Visual Studio Solution File, Format Version 12.00
# Visual Studio Version 17
VisualStudioVersion = 17.14.36429.23
MinimumVisualStudioVersion = 10.0.40219.1
Project("{FAE04EC0-301F-11D3-BF4B-00C04F79EFBC}") = "CatalogoFilmesTempo", "CatalogoFilmesTempo.csproj", "{D468D2D9-60CE-4132-9DBA-E9DFB0ADFDDE}"
EndProject
Global
	GlobalSection(SolutionConfigurationPlatforms) = preSolution
		Debug|Any CPU = Debug|Any CPU
		Release|Any CPU = Release|Any CPU
	EndGlobalSection
	GlobalSection(ProjectConfigurationPlatforms) = postSolution
		{D468D2D9-60CE-4132-9DBA-E9DFB0ADFDDE}.Debug|Any CPU.ActiveCfg = Debug|Any CPU
		{D468D2D9-60CE-4132-9DBA-E9DFB0ADFDDE}.Debug|Any CPU.Build.0 = Debug|Any CPU
		{D468D2D9-60CE-4132-9DBA-E9DFB0ADFDDE}.Release|Any CPU.ActiveCfg = Release|Any CPU
		{D468D2D9-60CE-4132-9DBA-E9DFB0ADFDDE}.Release|Any CPU.Build.0 = Release|Any CPU
	EndGlobalSection
	GlobalSection(SolutionProperties) = preSolution
		HideSolutionNode = FALSE
	EndGlobalSection
	GlobalSection(ExtensibilityGlobals) = postSolution
		SolutionGuid = {DE1D1880-3588-4913-8792-A6DC49098E55}
	EndGlobalSection
EndGlobal
